PODS:
  - Fakery (1.0.0):
    - SwiftyJSON (~> 2.3.0)
  - SDWebImage (3.7.3):
    - SDWebImage/Core (= 3.7.3)
  - SDWebImage/Core (3.7.3)
  - SwiftyJSON (2.3.0)
  - Wall (0.1.0):
    - SDWebImage

DEPENDENCIES:
  - Fakery
  - Wall (from `../../`)

EXTERNAL SOURCES:
  Wall:
    :path: ../../

SPEC CHECKSUMS:
  Fakery: a8c99f35643a6fe396ee30a14fbcd466dbd098dd
  SDWebImage: 1d2b1a1efda1ade1b00b6f8498865f8ddedc8a84
  SwiftyJSON: 8d6b61a70277ef2a5d710d372e06e7e2d87fb9e4
  Wall: deae0b7c2077d83cb191e2cf52a4593bd149f4dd

COCOAPODS: 0.39.0
