PODS:
  - Fakery (1.0.0):
    - SwiftyJSON (~> 2.3.0)
  - Kingfisher (1.7.0)
  - SwiftyJSON (2.3.0)
  - Wall (0.1.0)

DEPENDENCIES:
  - Fakery
  - Kingfisher
  - Wall (from `../../`)

EXTERNAL SOURCES:
  Wall:
    :path: ../../

SPEC CHECKSUMS:
  Fakery: a8c99f35643a6fe396ee30a14fbcd466dbd098dd
  Kingfisher: 906bf9821bd32d06d4aaecc60431857e70ccabaa
  SwiftyJSON: 8d6b61a70277ef2a5d710d372e06e7e2d87fb9e4
  Wall: c667f333b5833f1329626fde4ef276f9c380a5af

COCOAPODS: 0.39.0.beta.4
